
Microsoft Visual Studio Solution File, Format Version 12.00
# Visual Studio 15
VisualStudioVersion = 15.0.26403.0
MinimumVisualStudioVersion = 10.0.40219.1
Project("{2150E333-8FDC-42A3-9474-1A3956D46DE8}") = "Client", "Client", "{1ED7E873-951D-4689-9379-FB105497B36A}"
EndProject
Project("{2150E333-8FDC-42A3-9474-1A3956D46DE8}") = "ServerEngine", "ServerEngine", "{788F18F7-1C58-4696-BDBE-15638E100BE7}"
EndProject
Project("{FAE04EC0-301F-11D3-BF4B-00C04F79EFBC}") = "AnyGame", "Client\AnyGame\AnyGame.csproj", "{16636A03-CFD1-49B2-8A6F-E1924014AB01}"
EndProject
Project("{FAE04EC0-301F-11D3-BF4B-00C04F79EFBC}") = "DogSE.Client.Core", "ServerEngine\DogSE.Client.Core\DogSE.Client.Core.csproj", "{C9BBBE58-672B-4FEC-B66E-B020966186D0}"
EndProject
Project("{FAE04EC0-301F-11D3-BF4B-00C04F79EFBC}") = "DogSE.Library", "ServerEngine\DogSE.Library\DogSE.Library.csproj", "{797943E1-DD93-4363-BE95-8A1758D5BAE1}"
EndProject
Project("{FAE04EC0-301F-11D3-BF4B-00C04F79EFBC}") = "DogSE.Library.net35", "ServerEngine\DogSE.Library\DogSE.Library.net35.csproj", "{E7FE81A8-CE39-46C1-8EB2-C1F5D0AD130A}"
EndProject
Project("{2150E333-8FDC-42A3-9474-1A3956D46DE8}") = "Unity", "Unity", "{728F9CF1-044A-4B3C-AFEB-C4EEF4AB2DCD}"
EndProject
Project("{FAE04EC0-301F-11D3-BF4B-00C04F79EFBC}") = "AnyGame.CSharp", "..\AnyGame\AnyGame.CSharp.csproj", "{A8D44F48-104B-37B1-E93C-300089DF7DDB}"
EndProject
Project("{FAE04EC0-301F-11D3-BF4B-00C04F79EFBC}") = "AnyGame.CSharp.Editor", "..\AnyGame\AnyGame.CSharp.Editor.csproj", "{2BAAAC89-8C8C-6D06-134F-4006CDB08DF2}"
EndProject
Project("{2150E333-8FDC-42A3-9474-1A3956D46DE8}") = "GMTools", "GMTools", "{CAB1C3A2-2833-4183-8563-D79934C34D38}"
EndProject
Project("{2150E333-8FDC-42A3-9474-1A3956D46DE8}") = "Server", "Server", "{E2DB4A74-3C3A-4AE7-96BC-F902B9FC0D41}"
EndProject
Project("{FAE04EC0-301F-11D3-BF4B-00C04F79EFBC}") = "DogSE.Server.Database", "ServerEngine\DogSE.Server.Database\DogSE.Server.Database.csproj", "{85FAF347-7046-408A-9CD8-B5F5EED84301}"
EndProject
Project("{FAE04EC0-301F-11D3-BF4B-00C04F79EFBC}") = "DogSE.Server.Core", "ServerEngine\DogSE.Server.Core\DogSE.Server.Core.csproj", "{CF95170E-0DC6-46B1-B7D3-8D16DD94106F}"
EndProject
Project("{FAE04EC0-301F-11D3-BF4B-00C04F79EFBC}") = "DogSE.Server.Net", "ServerEngine\DogSE.Server.Net\DogSE.Server.Net.csproj", "{79E78EEF-5810-4A54-ABFA-901BFFEAB249}"
EndProject
Project("{FAE04EC0-301F-11D3-BF4B-00C04F79EFBC}") = "DogSE.Server.Database.MongoDB", "ServerEngine\DogSE.Server.Database.MongoDB\DogSE.Server.Database.MongoDB.csproj", "{5FB84966-CEBD-4DBE-82B9-DF00E2CFF279}"
EndProject
Project("{2150E333-8FDC-42A3-9474-1A3956D46DE8}") = "SampleTools", "SampleTools", "{428D8E9D-D692-4FD3-B0AE-F0929FF5C02B}"
EndProject
Project("{FAE04EC0-301F-11D3-BF4B-00C04F79EFBC}") = "ChangeVersion", "GMTools\SampleTools\VersionChecker\ChangeVersion.csproj", "{D76A0CD7-1C13-4488-85AA-AB843C89EA06}"
EndProject
Project("{FAE04EC0-301F-11D3-BF4B-00C04F79EFBC}") = "DogSE.Tools.CodeGeneration", "ServerEngine\DogSE.Tools.CodeGeneration\DogSE.Tools.CodeGeneration.csproj", "{3CBB0BB8-E94A-4719-99B9-5580B4EC3205}"
EndProject
Project("{FAE04EC0-301F-11D3-BF4B-00C04F79EFBC}") = "AnyGame.Server.Template", "Server\AnyGame.Server.Template\AnyGame.Server.Template.csproj", "{742391AB-470E-4548-A5AD-F1533BBC7827}"
EndProject
Project("{FAE04EC0-301F-11D3-BF4B-00C04F79EFBC}") = "AnyGame.Server.Database", "Server\TradeAge.Server.Database\AnyGame.Server.Database.csproj", "{BE1BDE36-B98A-42FF-BF63-611C73186645}"
EndProject
Project("{FAE04EC0-301F-11D3-BF4B-00C04F79EFBC}") = "AnyGame.Server.Entity", "Server\TradeAge.Server.Entity\AnyGame.Server.Entity.csproj", "{7E2F65E0-1C97-40C9-BDF8-12008BEDE0CA}"
EndProject
Project("{FAE04EC0-301F-11D3-BF4B-00C04F79EFBC}") = "AnyGame.Server.Interface", "Server\TradeAge.Server.Interface\AnyGame.Server.Interface.csproj", "{71DC0EA6-94E6-4348-A86F-636CCD449B3B}"
EndProject
Project("{FAE04EC0-301F-11D3-BF4B-00C04F79EFBC}") = "AnyGame.Server.Logic", "Server\TradeAge.Server.Logic\AnyGame.Server.Logic.csproj", "{C45D9121-12A2-44B4-8274-C5FC5098A780}"
EndProject
Project("{FAE04EC0-301F-11D3-BF4B-00C04F79EFBC}") = "AnyGame.Server.Protocol", "Server\TradeAge.Server.Protocol\AnyGame.Server.Protocol.csproj", "{6780B91B-AF66-4874-810A-0AD67DF40841}"
EndProject
Project("{FAE04EC0-301F-11D3-BF4B-00C04F79EFBC}") = "AnyGame.Server.Game", "Server\TradeAge.Server.Game\AnyGame.Server.Game.csproj", "{1CEBAA71-7742-4AA6-857E-81BFC81EAF84}"
EndProject
Project("{FAE04EC0-301F-11D3-BF4B-00C04F79EFBC}") = "AnyGame.Client.Template", "Client\AnyGame.Client.Template\AnyGame.Client.Template.csproj", "{BE47F005-469C-4EC4-A22E-11CDB8D283C1}"
EndProject
Project("{FAE04EC0-301F-11D3-BF4B-00C04F79EFBC}") = "AnyGame.Client.Controller", "Client\TradeAge.Client.Controller\AnyGame.Client.Controller.csproj", "{69DAC743-A6B6-46F7-9C07-1D80F86EB13C}"
EndProject
Project("{FAE04EC0-301F-11D3-BF4B-00C04F79EFBC}") = "AnyGame.Client.Entity", "Client\TradeAge.Client.Entity\AnyGame.Client.Entity.csproj", "{82F1AFF6-2C00-43EF-B923-BC39311C71A1}"
EndProject
Project("{FAE04EC0-301F-11D3-BF4B-00C04F79EFBC}") = "LoginWeb", "GMTools\LoginWeb\LoginWeb.csproj", "{591AF5D6-C0F3-4E1C-971B-27D239BED60F}"
EndProject
Project("{FAE04EC0-301F-11D3-BF4B-00C04F79EFBC}") = "AnsiToUtf8", "GMTools\SampleTools\AnsiToUtf8\AnsiToUtf8.csproj", "{ED591736-2DE3-4173-9B14-05065E9F1A4A}"
EndProject
Project("{FAE04EC0-301F-11D3-BF4B-00C04F79EFBC}") = "ExportExcelToCsv", "GMTools\SampleTools\ExportExcelToCsv\ExportExcelToCsv.csproj", "{B75CB3F3-C50F-4F5B-90EF-16105E8D7A93}"
EndProject
Project("{FAE04EC0-301F-11D3-BF4B-00C04F79EFBC}") = "AnyGame.Client.Simulation", "Client\AnyGame.Client.Simulation\AnyGame.Client.Simulation.csproj", "{81F4DF48-6444-4D9A-9A30-DD6004AF6B13}"
EndProject
Global
	GlobalSection(SolutionConfigurationPlatforms) = preSolution
		Debug|Any CPU = Debug|Any CPU
		Release|Any CPU = Release|Any CPU
	EndGlobalSection
	GlobalSection(ProjectConfigurationPlatforms) = postSolution
		{16636A03-CFD1-49B2-8A6F-E1924014AB01}.Debug|Any CPU.ActiveCfg = Debug|Any CPU
		{16636A03-CFD1-49B2-8A6F-E1924014AB01}.Debug|Any CPU.Build.0 = Debug|Any CPU
		{16636A03-CFD1-49B2-8A6F-E1924014AB01}.Release|Any CPU.ActiveCfg = Release|Any CPU
		{16636A03-CFD1-49B2-8A6F-E1924014AB01}.Release|Any CPU.Build.0 = Release|Any CPU
		{C9BBBE58-672B-4FEC-B66E-B020966186D0}.Debug|Any CPU.ActiveCfg = Debug|Any CPU
		{C9BBBE58-672B-4FEC-B66E-B020966186D0}.Debug|Any CPU.Build.0 = Debug|Any CPU
		{C9BBBE58-672B-4FEC-B66E-B020966186D0}.Release|Any CPU.ActiveCfg = Release|Any CPU
		{C9BBBE58-672B-4FEC-B66E-B020966186D0}.Release|Any CPU.Build.0 = Release|Any CPU
		{797943E1-DD93-4363-BE95-8A1758D5BAE1}.Debug|Any CPU.ActiveCfg = Debug|Any CPU
		{797943E1-DD93-4363-BE95-8A1758D5BAE1}.Debug|Any CPU.Build.0 = Debug|Any CPU
		{797943E1-DD93-4363-BE95-8A1758D5BAE1}.Release|Any CPU.ActiveCfg = Release|Any CPU
		{797943E1-DD93-4363-BE95-8A1758D5BAE1}.Release|Any CPU.Build.0 = Release|Any CPU
		{E7FE81A8-CE39-46C1-8EB2-C1F5D0AD130A}.Debug|Any CPU.ActiveCfg = Debug|Any CPU
		{E7FE81A8-CE39-46C1-8EB2-C1F5D0AD130A}.Debug|Any CPU.Build.0 = Debug|Any CPU
		{E7FE81A8-CE39-46C1-8EB2-C1F5D0AD130A}.Release|Any CPU.ActiveCfg = Release|Any CPU
		{E7FE81A8-CE39-46C1-8EB2-C1F5D0AD130A}.Release|Any CPU.Build.0 = Release|Any CPU
		{A8D44F48-104B-37B1-E93C-300089DF7DDB}.Debug|Any CPU.ActiveCfg = Debug|Any CPU
		{A8D44F48-104B-37B1-E93C-300089DF7DDB}.Release|Any CPU.ActiveCfg = Release|Any CPU
		{A8D44F48-104B-37B1-E93C-300089DF7DDB}.Release|Any CPU.Build.0 = Release|Any CPU
		{2BAAAC89-8C8C-6D06-134F-4006CDB08DF2}.Debug|Any CPU.ActiveCfg = Debug|Any CPU
		{2BAAAC89-8C8C-6D06-134F-4006CDB08DF2}.Release|Any CPU.ActiveCfg = Release|Any CPU
		{2BAAAC89-8C8C-6D06-134F-4006CDB08DF2}.Release|Any CPU.Build.0 = Release|Any CPU
		{85FAF347-7046-408A-9CD8-B5F5EED84301}.Debug|Any CPU.ActiveCfg = Debug|Any CPU
		{85FAF347-7046-408A-9CD8-B5F5EED84301}.Debug|Any CPU.Build.0 = Debug|Any CPU
		{85FAF347-7046-408A-9CD8-B5F5EED84301}.Release|Any CPU.ActiveCfg = Release|Any CPU
		{85FAF347-7046-408A-9CD8-B5F5EED84301}.Release|Any CPU.Build.0 = Release|Any CPU
		{CF95170E-0DC6-46B1-B7D3-8D16DD94106F}.Debug|Any CPU.ActiveCfg = Debug|Any CPU
		{CF95170E-0DC6-46B1-B7D3-8D16DD94106F}.Debug|Any CPU.Build.0 = Debug|Any CPU
		{CF95170E-0DC6-46B1-B7D3-8D16DD94106F}.Release|Any CPU.ActiveCfg = Release|Any CPU
		{CF95170E-0DC6-46B1-B7D3-8D16DD94106F}.Release|Any CPU.Build.0 = Release|Any CPU
		{79E78EEF-5810-4A54-ABFA-901BFFEAB249}.Debug|Any CPU.ActiveCfg = Debug|Any CPU
		{79E78EEF-5810-4A54-ABFA-901BFFEAB249}.Debug|Any CPU.Build.0 = Debug|Any CPU
		{79E78EEF-5810-4A54-ABFA-901BFFEAB249}.Release|Any CPU.ActiveCfg = Release|Any CPU
		{79E78EEF-5810-4A54-ABFA-901BFFEAB249}.Release|Any CPU.Build.0 = Release|Any CPU
		{5FB84966-CEBD-4DBE-82B9-DF00E2CFF279}.Debug|Any CPU.ActiveCfg = Debug|Any CPU
		{5FB84966-CEBD-4DBE-82B9-DF00E2CFF279}.Debug|Any CPU.Build.0 = Debug|Any CPU
		{5FB84966-CEBD-4DBE-82B9-DF00E2CFF279}.Release|Any CPU.ActiveCfg = Release|Any CPU
		{5FB84966-CEBD-4DBE-82B9-DF00E2CFF279}.Release|Any CPU.Build.0 = Release|Any CPU
		{D76A0CD7-1C13-4488-85AA-AB843C89EA06}.Debug|Any CPU.ActiveCfg = Debug|Any CPU
		{D76A0CD7-1C13-4488-85AA-AB843C89EA06}.Debug|Any CPU.Build.0 = Debug|Any CPU
		{D76A0CD7-1C13-4488-85AA-AB843C89EA06}.Release|Any CPU.ActiveCfg = Release|Any CPU
		{D76A0CD7-1C13-4488-85AA-AB843C89EA06}.Release|Any CPU.Build.0 = Release|Any CPU
		{3CBB0BB8-E94A-4719-99B9-5580B4EC3205}.Debug|Any CPU.ActiveCfg = Debug|Any CPU
		{3CBB0BB8-E94A-4719-99B9-5580B4EC3205}.Debug|Any CPU.Build.0 = Debug|Any CPU
		{3CBB0BB8-E94A-4719-99B9-5580B4EC3205}.Release|Any CPU.ActiveCfg = Release|Any CPU
		{3CBB0BB8-E94A-4719-99B9-5580B4EC3205}.Release|Any CPU.Build.0 = Release|Any CPU
		{742391AB-470E-4548-A5AD-F1533BBC7827}.Debug|Any CPU.ActiveCfg = Debug|Any CPU
		{742391AB-470E-4548-A5AD-F1533BBC7827}.Debug|Any CPU.Build.0 = Debug|Any CPU
		{742391AB-470E-4548-A5AD-F1533BBC7827}.Release|Any CPU.ActiveCfg = Release|Any CPU
		{742391AB-470E-4548-A5AD-F1533BBC7827}.Release|Any CPU.Build.0 = Release|Any CPU
		{BE1BDE36-B98A-42FF-BF63-611C73186645}.Debug|Any CPU.ActiveCfg = Debug|Any CPU
		{BE1BDE36-B98A-42FF-BF63-611C73186645}.Debug|Any CPU.Build.0 = Debug|Any CPU
		{BE1BDE36-B98A-42FF-BF63-611C73186645}.Release|Any CPU.ActiveCfg = Release|Any CPU
		{BE1BDE36-B98A-42FF-BF63-611C73186645}.Release|Any CPU.Build.0 = Release|Any CPU
		{7E2F65E0-1C97-40C9-BDF8-12008BEDE0CA}.Debug|Any CPU.ActiveCfg = Debug|Any CPU
		{7E2F65E0-1C97-40C9-BDF8-12008BEDE0CA}.Debug|Any CPU.Build.0 = Debug|Any CPU
		{7E2F65E0-1C97-40C9-BDF8-12008BEDE0CA}.Release|Any CPU.ActiveCfg = Release|Any CPU
		{7E2F65E0-1C97-40C9-BDF8-12008BEDE0CA}.Release|Any CPU.Build.0 = Release|Any CPU
		{71DC0EA6-94E6-4348-A86F-636CCD449B3B}.Debug|Any CPU.ActiveCfg = Debug|Any CPU
		{71DC0EA6-94E6-4348-A86F-636CCD449B3B}.Debug|Any CPU.Build.0 = Debug|Any CPU
		{71DC0EA6-94E6-4348-A86F-636CCD449B3B}.Release|Any CPU.ActiveCfg = Release|Any CPU
		{71DC0EA6-94E6-4348-A86F-636CCD449B3B}.Release|Any CPU.Build.0 = Release|Any CPU
		{C45D9121-12A2-44B4-8274-C5FC5098A780}.Debug|Any CPU.ActiveCfg = Debug|Any CPU
		{C45D9121-12A2-44B4-8274-C5FC5098A780}.Debug|Any CPU.Build.0 = Debug|Any CPU
		{C45D9121-12A2-44B4-8274-C5FC5098A780}.Release|Any CPU.ActiveCfg = Release|Any CPU
		{C45D9121-12A2-44B4-8274-C5FC5098A780}.Release|Any CPU.Build.0 = Release|Any CPU
		{6780B91B-AF66-4874-810A-0AD67DF40841}.Debug|Any CPU.ActiveCfg = Debug|Any CPU
		{6780B91B-AF66-4874-810A-0AD67DF40841}.Debug|Any CPU.Build.0 = Debug|Any CPU
		{6780B91B-AF66-4874-810A-0AD67DF40841}.Release|Any CPU.ActiveCfg = Release|Any CPU
		{6780B91B-AF66-4874-810A-0AD67DF40841}.Release|Any CPU.Build.0 = Release|Any CPU
		{1CEBAA71-7742-4AA6-857E-81BFC81EAF84}.Debug|Any CPU.ActiveCfg = Debug|Any CPU
		{1CEBAA71-7742-4AA6-857E-81BFC81EAF84}.Debug|Any CPU.Build.0 = Debug|Any CPU
		{1CEBAA71-7742-4AA6-857E-81BFC81EAF84}.Release|Any CPU.ActiveCfg = Release|Any CPU
		{1CEBAA71-7742-4AA6-857E-81BFC81EAF84}.Release|Any CPU.Build.0 = Release|Any CPU
		{BE47F005-469C-4EC4-A22E-11CDB8D283C1}.Debug|Any CPU.ActiveCfg = Debug|Any CPU
		{BE47F005-469C-4EC4-A22E-11CDB8D283C1}.Debug|Any CPU.Build.0 = Debug|Any CPU
		{BE47F005-469C-4EC4-A22E-11CDB8D283C1}.Release|Any CPU.ActiveCfg = Release|Any CPU
		{BE47F005-469C-4EC4-A22E-11CDB8D283C1}.Release|Any CPU.Build.0 = Release|Any CPU
		{69DAC743-A6B6-46F7-9C07-1D80F86EB13C}.Debug|Any CPU.ActiveCfg = Debug|Any CPU
		{69DAC743-A6B6-46F7-9C07-1D80F86EB13C}.Debug|Any CPU.Build.0 = Debug|Any CPU
		{69DAC743-A6B6-46F7-9C07-1D80F86EB13C}.Release|Any CPU.ActiveCfg = Release|Any CPU
		{69DAC743-A6B6-46F7-9C07-1D80F86EB13C}.Release|Any CPU.Build.0 = Release|Any CPU
		{82F1AFF6-2C00-43EF-B923-BC39311C71A1}.Debug|Any CPU.ActiveCfg = Debug|Any CPU
		{82F1AFF6-2C00-43EF-B923-BC39311C71A1}.Debug|Any CPU.Build.0 = Debug|Any CPU
		{82F1AFF6-2C00-43EF-B923-BC39311C71A1}.Release|Any CPU.ActiveCfg = Release|Any CPU
		{82F1AFF6-2C00-43EF-B923-BC39311C71A1}.Release|Any CPU.Build.0 = Release|Any CPU
		{591AF5D6-C0F3-4E1C-971B-27D239BED60F}.Debug|Any CPU.ActiveCfg = Debug|Any CPU
		{591AF5D6-C0F3-4E1C-971B-27D239BED60F}.Debug|Any CPU.Build.0 = Debug|Any CPU
		{591AF5D6-C0F3-4E1C-971B-27D239BED60F}.Release|Any CPU.ActiveCfg = Release|Any CPU
		{591AF5D6-C0F3-4E1C-971B-27D239BED60F}.Release|Any CPU.Build.0 = Release|Any CPU
		{ED591736-2DE3-4173-9B14-05065E9F1A4A}.Debug|Any CPU.ActiveCfg = Debug|Any CPU
		{ED591736-2DE3-4173-9B14-05065E9F1A4A}.Debug|Any CPU.Build.0 = Debug|Any CPU
		{ED591736-2DE3-4173-9B14-05065E9F1A4A}.Release|Any CPU.ActiveCfg = Release|Any CPU
		{ED591736-2DE3-4173-9B14-05065E9F1A4A}.Release|Any CPU.Build.0 = Release|Any CPU
		{B75CB3F3-C50F-4F5B-90EF-16105E8D7A93}.Debug|Any CPU.ActiveCfg = Debug|Any CPU
		{B75CB3F3-C50F-4F5B-90EF-16105E8D7A93}.Debug|Any CPU.Build.0 = Debug|Any CPU
		{B75CB3F3-C50F-4F5B-90EF-16105E8D7A93}.Release|Any CPU.ActiveCfg = Release|Any CPU
		{B75CB3F3-C50F-4F5B-90EF-16105E8D7A93}.Release|Any CPU.Build.0 = Release|Any CPU
		{81F4DF48-6444-4D9A-9A30-DD6004AF6B13}.Debug|Any CPU.ActiveCfg = Debug|Any CPU
		{81F4DF48-6444-4D9A-9A30-DD6004AF6B13}.Debug|Any CPU.Build.0 = Debug|Any CPU
		{81F4DF48-6444-4D9A-9A30-DD6004AF6B13}.Release|Any CPU.ActiveCfg = Release|Any CPU
		{81F4DF48-6444-4D9A-9A30-DD6004AF6B13}.Release|Any CPU.Build.0 = Release|Any CPU
	EndGlobalSection
	GlobalSection(SolutionProperties) = preSolution
		HideSolutionNode = FALSE
	EndGlobalSection
	GlobalSection(NestedProjects) = preSolution
		{16636A03-CFD1-49B2-8A6F-E1924014AB01} = {1ED7E873-951D-4689-9379-FB105497B36A}
		{C9BBBE58-672B-4FEC-B66E-B020966186D0} = {1ED7E873-951D-4689-9379-FB105497B36A}
		{797943E1-DD93-4363-BE95-8A1758D5BAE1} = {788F18F7-1C58-4696-BDBE-15638E100BE7}
		{E7FE81A8-CE39-46C1-8EB2-C1F5D0AD130A} = {1ED7E873-951D-4689-9379-FB105497B36A}
		{A8D44F48-104B-37B1-E93C-300089DF7DDB} = {728F9CF1-044A-4B3C-AFEB-C4EEF4AB2DCD}
		{2BAAAC89-8C8C-6D06-134F-4006CDB08DF2} = {728F9CF1-044A-4B3C-AFEB-C4EEF4AB2DCD}
		{85FAF347-7046-408A-9CD8-B5F5EED84301} = {788F18F7-1C58-4696-BDBE-15638E100BE7}
		{CF95170E-0DC6-46B1-B7D3-8D16DD94106F} = {788F18F7-1C58-4696-BDBE-15638E100BE7}
		{79E78EEF-5810-4A54-ABFA-901BFFEAB249} = {788F18F7-1C58-4696-BDBE-15638E100BE7}
		{5FB84966-CEBD-4DBE-82B9-DF00E2CFF279} = {788F18F7-1C58-4696-BDBE-15638E100BE7}
		{428D8E9D-D692-4FD3-B0AE-F0929FF5C02B} = {CAB1C3A2-2833-4183-8563-D79934C34D38}
		{D76A0CD7-1C13-4488-85AA-AB843C89EA06} = {428D8E9D-D692-4FD3-B0AE-F0929FF5C02B}
		{3CBB0BB8-E94A-4719-99B9-5580B4EC3205} = {788F18F7-1C58-4696-BDBE-15638E100BE7}
		{742391AB-470E-4548-A5AD-F1533BBC7827} = {E2DB4A74-3C3A-4AE7-96BC-F902B9FC0D41}
		{BE1BDE36-B98A-42FF-BF63-611C73186645} = {E2DB4A74-3C3A-4AE7-96BC-F902B9FC0D41}
		{7E2F65E0-1C97-40C9-BDF8-12008BEDE0CA} = {E2DB4A74-3C3A-4AE7-96BC-F902B9FC0D41}
		{71DC0EA6-94E6-4348-A86F-636CCD449B3B} = {E2DB4A74-3C3A-4AE7-96BC-F902B9FC0D41}
		{C45D9121-12A2-44B4-8274-C5FC5098A780} = {E2DB4A74-3C3A-4AE7-96BC-F902B9FC0D41}
		{6780B91B-AF66-4874-810A-0AD67DF40841} = {E2DB4A74-3C3A-4AE7-96BC-F902B9FC0D41}
		{1CEBAA71-7742-4AA6-857E-81BFC81EAF84} = {E2DB4A74-3C3A-4AE7-96BC-F902B9FC0D41}
		{BE47F005-469C-4EC4-A22E-11CDB8D283C1} = {1ED7E873-951D-4689-9379-FB105497B36A}
		{69DAC743-A6B6-46F7-9C07-1D80F86EB13C} = {1ED7E873-951D-4689-9379-FB105497B36A}
		{82F1AFF6-2C00-43EF-B923-BC39311C71A1} = {1ED7E873-951D-4689-9379-FB105497B36A}
		{591AF5D6-C0F3-4E1C-971B-27D239BED60F} = {CAB1C3A2-2833-4183-8563-D79934C34D38}
		{ED591736-2DE3-4173-9B14-05065E9F1A4A} = {428D8E9D-D692-4FD3-B0AE-F0929FF5C02B}
		{B75CB3F3-C50F-4F5B-90EF-16105E8D7A93} = {428D8E9D-D692-4FD3-B0AE-F0929FF5C02B}
		{81F4DF48-6444-4D9A-9A30-DD6004AF6B13} = {1ED7E873-951D-4689-9379-FB105497B36A}
	EndGlobalSection
EndGlobal
