Microsoft Visual Studio Solution File, Format Version 11.00
# Visual Studio 2008

Project("{B56FEA71-CE52-6AAA-0292-8B7C4AE720C8}") = "AnyGame", "Assembly-CSharp-vs.csproj", "{2472282E-9E5D-956A-9846-6A743B4C2214}"
EndProject
Project("{B56FEA71-CE52-6AAA-0292-8B7C4AE720C8}") = "AnyGame", "Assembly-CSharp-Editor-vs.csproj", "{DB65679C-A4BF-1BC2-D685-55E61A6AE2F2}"
EndProject
Global
	GlobalSection(SolutionConfigurationPlatforms) = preSolution
		Debug|Any CPU = Debug|Any CPU
		Release|Any CPU = Release|Any CPU
	EndGlobalSection
	GlobalSection(ProjectConfigurationPlatforms) = postSolution
		{2472282E-9E5D-956A-9846-6A743B4C2214}.Debug|Any CPU.ActiveCfg = Debug|Any CPU
		{2472282E-9E5D-956A-9846-6A743B4C2214}.Debug|Any CPU.Build.0 = Debug|Any CPU
		{2472282E-9E5D-956A-9846-6A743B4C2214}.Release|Any CPU.ActiveCfg = Release|Any CPU
		{2472282E-9E5D-956A-9846-6A743B4C2214}.Release|Any CPU.Build.0 = Release|Any CPU
		{DB65679C-A4BF-1BC2-D685-55E61A6AE2F2}.Debug|Any CPU.ActiveCfg = Debug|Any CPU
		{DB65679C-A4BF-1BC2-D685-55E61A6AE2F2}.Debug|Any CPU.Build.0 = Debug|Any CPU
		{DB65679C-A4BF-1BC2-D685-55E61A6AE2F2}.Release|Any CPU.ActiveCfg = Release|Any CPU
		{DB65679C-A4BF-1BC2-D685-55E61A6AE2F2}.Release|Any CPU.Build.0 = Release|Any CPU
	EndGlobalSection
	GlobalSection(SolutionProperties) = preSolution
		HideSolutionNode = FALSE
	EndGlobalSection
					GlobalSection(MonoDevelopProperties) = preSolution
		StartupItem = Assembly-CSharp.csproj
		Policies = $0
		$0.TextStylePolicy = $1
		$1.inheritsSet = null
		$1.scope = text/x-csharp
		$0.CSharpFormattingPolicy = $2
		$2.inheritsSet = Mono
		$2.inheritsScope = text/x-csharp
		$2.scope = text/x-csharp
		$0.TextStylePolicy = $3
		$3.FileWidth = 120
		$3.TabWidth = 4
		$3.IndentWidth = 4
		$3.EolMarker = Unix
		$3.inheritsSet = Mono
		$3.inheritsScope = text/plain
		$3.scope = text/plain
	EndGlobalSection

EndGlobal
